
Microsoft Visual Studio Solution File, Format Version 12.00
# Visual Studio Version 17
VisualStudioVersion = 17.13.35919.96 d17.13
MinimumVisualStudioVersion = 10.0.40219.1
Project("{FAE04EC0-301F-11D3-BF4B-00C04F79EFBC}") = "Pomodoro", "Pomodoro.csproj", "{53717672-020C-43FE-9374-101AB2DA9381}"
EndProject
Global
	GlobalSection(SolutionConfigurationPlatforms) = preSolution
		Debug|Any CPU = Debug|Any CPU
		Release|Any CPU = Release|Any CPU
	EndGlobalSection
	GlobalSection(ProjectConfigurationPlatforms) = postSolution
		{53717672-020C-43FE-9374-101AB2DA9381}.Debug|Any CPU.ActiveCfg = Debug|Any CPU
		{53717672-020C-43FE-9374-101AB2DA9381}.Debug|Any CPU.Build.0 = Debug|Any CPU
		{53717672-020C-43FE-9374-101AB2DA9381}.Release|Any CPU.ActiveCfg = Release|Any CPU
		{53717672-020C-43FE-9374-101AB2DA9381}.Release|Any CPU.Build.0 = Release|Any CPU
	EndGlobalSection
	GlobalSection(SolutionProperties) = preSolution
		HideSolutionNode = FALSE
	EndGlobalSection
	GlobalSection(ExtensibilityGlobals) = postSolution
		SolutionGuid = {185DCC93-797C-41C5-8EA6-0F2912489DB3}
	EndGlobalSection
EndGlobal
